
Microsoft Visual Studio Solution File, Format Version 12.00
# Visual Studio Version 17
VisualStudioVersion = 17.3.32811.315
MinimumVisualStudioVersion = 10.0.40219.1
Project("{888888A0-9F3D-457C-B088-3A5042F75D52}") = "ReferenceDataTypes_C", "ReferenceDataTypes_C.pyproj", "{A12C1ED2-D7A9-4CD4-8C6A-ABFE57424D85}"
EndProject
Global
	GlobalSection(SolutionConfigurationPlatforms) = preSolution
		Debug|Any CPU = Debug|Any CPU
		Release|Any CPU = Release|Any CPU
	EndGlobalSection
	GlobalSection(ProjectConfigurationPlatforms) = postSolution
		{A12C1ED2-D7A9-4CD4-8C6A-ABFE57424D85}.Debug|Any CPU.ActiveCfg = Debug|Any CPU
		{A12C1ED2-D7A9-4CD4-8C6A-ABFE57424D85}.Release|Any CPU.ActiveCfg = Release|Any CPU
	EndGlobalSection
	GlobalSection(SolutionProperties) = preSolution
		HideSolutionNode = FALSE
	EndGlobalSection
	GlobalSection(ExtensibilityGlobals) = postSolution
		SolutionGuid = {2B482CCD-75DA-4DC1-B104-1F77441526D9}
	EndGlobalSection
EndGlobal
