
Microsoft Visual Studio Solution File, Format Version 12.00
# Visual Studio Version 17
VisualStudioVersion = 17.3.32811.315
MinimumVisualStudioVersion = 10.0.40219.1
Project("{888888A0-9F3D-457C-B088-3A5042F75D52}") = "v9_MNK_size_of_Y", "v9_MNK_size_of_Y.pyproj", "{C66D762F-9F86-46E6-8E2D-7D306DC36B78}"
EndProject
Global
	GlobalSection(SolutionConfigurationPlatforms) = preSolution
		Debug|Any CPU = Debug|Any CPU
		Release|Any CPU = Release|Any CPU
	EndGlobalSection
	GlobalSection(ProjectConfigurationPlatforms) = postSolution
		{C66D762F-9F86-46E6-8E2D-7D306DC36B78}.Debug|Any CPU.ActiveCfg = Debug|Any CPU
		{C66D762F-9F86-46E6-8E2D-7D306DC36B78}.Release|Any CPU.ActiveCfg = Release|Any CPU
	EndGlobalSection
	GlobalSection(SolutionProperties) = preSolution
		HideSolutionNode = FALSE
	EndGlobalSection
	GlobalSection(ExtensibilityGlobals) = postSolution
		SolutionGuid = {D0407FB6-6CDA-4601-8B34-96CA632A9D3E}
	EndGlobalSection
EndGlobal
