
Microsoft Visual Studio Solution File, Format Version 12.00
# Visual Studio Version 17
VisualStudioVersion = 17.3.32811.315
MinimumVisualStudioVersion = 10.0.40219.1
Project("{888888A0-9F3D-457C-B088-3A5042F75D52}") = "subpalindromes", "subpalindromes.pyproj", "{C0DAD664-EA4A-49EB-94EB-C7603FBD2E32}"
EndProject
Global
	GlobalSection(SolutionConfigurationPlatforms) = preSolution
		Debug|Any CPU = Debug|Any CPU
		Release|Any CPU = Release|Any CPU
	EndGlobalSection
	GlobalSection(ProjectConfigurationPlatforms) = postSolution
		{C0DAD664-EA4A-49EB-94EB-C7603FBD2E32}.Debug|Any CPU.ActiveCfg = Debug|Any CPU
		{C0DAD664-EA4A-49EB-94EB-C7603FBD2E32}.Release|Any CPU.ActiveCfg = Release|Any CPU
	EndGlobalSection
	GlobalSection(SolutionProperties) = preSolution
		HideSolutionNode = FALSE
	EndGlobalSection
	GlobalSection(ExtensibilityGlobals) = postSolution
		SolutionGuid = {9BC0C610-1224-40ED-961C-0A959C76E9C9}
	EndGlobalSection
EndGlobal
