
Microsoft Visual Studio Solution File, Format Version 12.00
# Visual Studio Version 17
VisualStudioVersion = 17.3.32811.315
MinimumVisualStudioVersion = 10.0.40219.1
Project("{888888A0-9F3D-457C-B088-3A5042F75D52}") = "GreedyAlgorithm_A", "GreedyAlgorithm_A.pyproj", "{C7DDCDE5-8BFB-4D95-9720-C5D8CD197AB8}"
EndProject
Global
	GlobalSection(SolutionConfigurationPlatforms) = preSolution
		Debug|Any CPU = Debug|Any CPU
		Release|Any CPU = Release|Any CPU
	EndGlobalSection
	GlobalSection(ProjectConfigurationPlatforms) = postSolution
		{C7DDCDE5-8BFB-4D95-9720-C5D8CD197AB8}.Debug|Any CPU.ActiveCfg = Debug|Any CPU
		{C7DDCDE5-8BFB-4D95-9720-C5D8CD197AB8}.Release|Any CPU.ActiveCfg = Release|Any CPU
	EndGlobalSection
	GlobalSection(SolutionProperties) = preSolution
		HideSolutionNode = FALSE
	EndGlobalSection
	GlobalSection(ExtensibilityGlobals) = postSolution
		SolutionGuid = {DAF505E0-10F5-415F-9F98-6DB28C876771}
	EndGlobalSection
EndGlobal
