
Microsoft Visual Studio Solution File, Format Version 12.00
# Visual Studio Version 17
VisualStudioVersion = 17.3.32811.315
MinimumVisualStudioVersion = 10.0.40219.1
Project("{888888A0-9F3D-457C-B088-3A5042F75D52}") = "3_C", "3_C.pyproj", "{09DB0DC5-235D-4516-9E8C-A9392F7FA1BB}"
EndProject
Global
	GlobalSection(SolutionConfigurationPlatforms) = preSolution
		Debug|Any CPU = Debug|Any CPU
		Release|Any CPU = Release|Any CPU
	EndGlobalSection
	GlobalSection(ProjectConfigurationPlatforms) = postSolution
		{09DB0DC5-235D-4516-9E8C-A9392F7FA1BB}.Debug|Any CPU.ActiveCfg = Debug|Any CPU
		{09DB0DC5-235D-4516-9E8C-A9392F7FA1BB}.Release|Any CPU.ActiveCfg = Release|Any CPU
	EndGlobalSection
	GlobalSection(SolutionProperties) = preSolution
		HideSolutionNode = FALSE
	EndGlobalSection
	GlobalSection(ExtensibilityGlobals) = postSolution
		SolutionGuid = {319B0FC2-4ECF-43DF-8F66-17471BE4C0C6}
	EndGlobalSection
EndGlobal
