
Microsoft Visual Studio Solution File, Format Version 12.00
# Visual Studio Version 17
VisualStudioVersion = 17.3.32811.315
MinimumVisualStudioVersion = 10.0.40219.1
Project("{888888A0-9F3D-457C-B088-3A5042F75D52}") = "ReferenceDataTypes_F", "ReferenceDataTypes_F.pyproj", "{5A8B0E7F-C57E-4601-AD3A-4ED3D94F5401}"
EndProject
Global
	GlobalSection(SolutionConfigurationPlatforms) = preSolution
		Debug|Any CPU = Debug|Any CPU
		Release|Any CPU = Release|Any CPU
	EndGlobalSection
	GlobalSection(ProjectConfigurationPlatforms) = postSolution
		{5A8B0E7F-C57E-4601-AD3A-4ED3D94F5401}.Debug|Any CPU.ActiveCfg = Debug|Any CPU
		{5A8B0E7F-C57E-4601-AD3A-4ED3D94F5401}.Release|Any CPU.ActiveCfg = Release|Any CPU
	EndGlobalSection
	GlobalSection(SolutionProperties) = preSolution
		HideSolutionNode = FALSE
	EndGlobalSection
	GlobalSection(ExtensibilityGlobals) = postSolution
		SolutionGuid = {A61DDAE9-D144-4751-8631-D54E0033FD46}
	EndGlobalSection
EndGlobal
