
Microsoft Visual Studio Solution File, Format Version 12.00
# Visual Studio Version 17
VisualStudioVersion = 17.3.32811.315
MinimumVisualStudioVersion = 10.0.40219.1
Project("{888888A0-9F3D-457C-B088-3A5042F75D52}") = "heapq", "heapq.pyproj", "{2C3F51C4-4AB2-491C-9F5A-E8D9A8AFE66D}"
EndProject
Global
	GlobalSection(SolutionConfigurationPlatforms) = preSolution
		Debug|Any CPU = Debug|Any CPU
		Release|Any CPU = Release|Any CPU
	EndGlobalSection
	GlobalSection(ProjectConfigurationPlatforms) = postSolution
		{2C3F51C4-4AB2-491C-9F5A-E8D9A8AFE66D}.Debug|Any CPU.ActiveCfg = Debug|Any CPU
		{2C3F51C4-4AB2-491C-9F5A-E8D9A8AFE66D}.Release|Any CPU.ActiveCfg = Release|Any CPU
	EndGlobalSection
	GlobalSection(SolutionProperties) = preSolution
		HideSolutionNode = FALSE
	EndGlobalSection
	GlobalSection(ExtensibilityGlobals) = postSolution
		SolutionGuid = {F913A59C-0BDD-415A-B0C8-A16807F272D4}
	EndGlobalSection
EndGlobal
