
Microsoft Visual Studio Solution File, Format Version 12.00
# Visual Studio Version 17
VisualStudioVersion = 17.3.32811.315
MinimumVisualStudioVersion = 10.0.40219.1
Project("{888888A0-9F3D-457C-B088-3A5042F75D52}") = "merge", "merge.pyproj", "{92B77525-B679-42B1-B52B-6EBF040F4F10}"
EndProject
Global
	GlobalSection(SolutionConfigurationPlatforms) = preSolution
		Debug|Any CPU = Debug|Any CPU
		Release|Any CPU = Release|Any CPU
	EndGlobalSection
	GlobalSection(ProjectConfigurationPlatforms) = postSolution
		{92B77525-B679-42B1-B52B-6EBF040F4F10}.Debug|Any CPU.ActiveCfg = Debug|Any CPU
		{92B77525-B679-42B1-B52B-6EBF040F4F10}.Release|Any CPU.ActiveCfg = Release|Any CPU
	EndGlobalSection
	GlobalSection(SolutionProperties) = preSolution
		HideSolutionNode = FALSE
	EndGlobalSection
	GlobalSection(ExtensibilityGlobals) = postSolution
		SolutionGuid = {020979E7-23F0-4C19-ACDB-DFAFD393AC74}
	EndGlobalSection
EndGlobal
