
Microsoft Visual Studio Solution File, Format Version 12.00
# Visual Studio Version 17
VisualStudioVersion = 17.3.32811.315
MinimumVisualStudioVersion = 10.0.40219.1
Project("{888888A0-9F3D-457C-B088-3A5042F75D52}") = "Mat_Plot_Lib_Train", "Mat_Plot_Lib_Train.pyproj", "{42EDC4C0-10F0-4D7A-A558-91D378F76CA6}"
EndProject
Global
	GlobalSection(SolutionConfigurationPlatforms) = preSolution
		Debug|Any CPU = Debug|Any CPU
		Release|Any CPU = Release|Any CPU
	EndGlobalSection
	GlobalSection(ProjectConfigurationPlatforms) = postSolution
		{42EDC4C0-10F0-4D7A-A558-91D378F76CA6}.Debug|Any CPU.ActiveCfg = Debug|Any CPU
		{42EDC4C0-10F0-4D7A-A558-91D378F76CA6}.Release|Any CPU.ActiveCfg = Release|Any CPU
	EndGlobalSection
	GlobalSection(SolutionProperties) = preSolution
		HideSolutionNode = FALSE
	EndGlobalSection
	GlobalSection(ExtensibilityGlobals) = postSolution
		SolutionGuid = {3B4C982D-100D-4355-890A-CB31FDE9CC3D}
	EndGlobalSection
EndGlobal
