
Microsoft Visual Studio Solution File, Format Version 12.00
# Visual Studio Version 17
VisualStudioVersion = 17.3.32811.315
MinimumVisualStudioVersion = 10.0.40219.1
Project("{888888A0-9F3D-457C-B088-3A5042F75D52}") = "2_C", "2_C.pyproj", "{661BCD32-4BF7-453C-9C6E-86F581C5C0A5}"
EndProject
Global
	GlobalSection(SolutionConfigurationPlatforms) = preSolution
		Debug|Any CPU = Debug|Any CPU
		Release|Any CPU = Release|Any CPU
	EndGlobalSection
	GlobalSection(ProjectConfigurationPlatforms) = postSolution
		{661BCD32-4BF7-453C-9C6E-86F581C5C0A5}.Debug|Any CPU.ActiveCfg = Debug|Any CPU
		{661BCD32-4BF7-453C-9C6E-86F581C5C0A5}.Release|Any CPU.ActiveCfg = Release|Any CPU
	EndGlobalSection
	GlobalSection(SolutionProperties) = preSolution
		HideSolutionNode = FALSE
	EndGlobalSection
	GlobalSection(ExtensibilityGlobals) = postSolution
		SolutionGuid = {ECD94C46-BE4F-4206-8D69-ACF4983C775C}
	EndGlobalSection
EndGlobal
