
Microsoft Visual Studio Solution File, Format Version 12.00
# Visual Studio Version 17
VisualStudioVersion = 17.3.32811.315
MinimumVisualStudioVersion = 10.0.40219.1
Project("{888888A0-9F3D-457C-B088-3A5042F75D52}") = "WarmUp_H_vARRAY", "WarmUp_H_vARRAY.pyproj", "{AAA0841E-9033-492F-850A-018518526B23}"
EndProject
Global
	GlobalSection(SolutionConfigurationPlatforms) = preSolution
		Debug|Any CPU = Debug|Any CPU
		Release|Any CPU = Release|Any CPU
	EndGlobalSection
	GlobalSection(ProjectConfigurationPlatforms) = postSolution
		{AAA0841E-9033-492F-850A-018518526B23}.Debug|Any CPU.ActiveCfg = Debug|Any CPU
		{AAA0841E-9033-492F-850A-018518526B23}.Release|Any CPU.ActiveCfg = Release|Any CPU
	EndGlobalSection
	GlobalSection(SolutionProperties) = preSolution
		HideSolutionNode = FALSE
	EndGlobalSection
	GlobalSection(ExtensibilityGlobals) = postSolution
		SolutionGuid = {5A83B06A-161C-4394-81B8-135E77A491C8}
	EndGlobalSection
EndGlobal
