
Microsoft Visual Studio Solution File, Format Version 12.00
# Visual Studio Version 17
VisualStudioVersion = 17.3.32811.315
MinimumVisualStudioVersion = 10.0.40219.1
Project("{888888A0-9F3D-457C-B088-3A5042F75D52}") = "BitOperation_F_vGPT", "BitOperation_F_vGPT.pyproj", "{F00DEF11-E188-4F5A-A86C-1C3E03243A68}"
EndProject
Global
	GlobalSection(SolutionConfigurationPlatforms) = preSolution
		Debug|Any CPU = Debug|Any CPU
		Release|Any CPU = Release|Any CPU
	EndGlobalSection
	GlobalSection(ProjectConfigurationPlatforms) = postSolution
		{F00DEF11-E188-4F5A-A86C-1C3E03243A68}.Debug|Any CPU.ActiveCfg = Debug|Any CPU
		{F00DEF11-E188-4F5A-A86C-1C3E03243A68}.Release|Any CPU.ActiveCfg = Release|Any CPU
	EndGlobalSection
	GlobalSection(SolutionProperties) = preSolution
		HideSolutionNode = FALSE
	EndGlobalSection
	GlobalSection(ExtensibilityGlobals) = postSolution
		SolutionGuid = {5FEC00D2-E61C-4869-8237-01A2430C6542}
	EndGlobalSection
EndGlobal
