
Microsoft Visual Studio Solution File, Format Version 12.00
# Visual Studio Version 17
VisualStudioVersion = 17.3.32811.315
MinimumVisualStudioVersion = 10.0.40219.1
Project("{888888A0-9F3D-457C-B088-3A5042F75D52}") = "BitOperations_F_v3", "BitOperations_F_v3.pyproj", "{634B0827-94AA-45C5-B117-AB4FD99A723C}"
EndProject
Global
	GlobalSection(SolutionConfigurationPlatforms) = preSolution
		Debug|Any CPU = Debug|Any CPU
		Release|Any CPU = Release|Any CPU
	EndGlobalSection
	GlobalSection(ProjectConfigurationPlatforms) = postSolution
		{634B0827-94AA-45C5-B117-AB4FD99A723C}.Debug|Any CPU.ActiveCfg = Debug|Any CPU
		{634B0827-94AA-45C5-B117-AB4FD99A723C}.Release|Any CPU.ActiveCfg = Release|Any CPU
	EndGlobalSection
	GlobalSection(SolutionProperties) = preSolution
		HideSolutionNode = FALSE
	EndGlobalSection
	GlobalSection(ExtensibilityGlobals) = postSolution
		SolutionGuid = {E8A043E3-5287-4E11-8036-1184772311E4}
	EndGlobalSection
EndGlobal
