
Microsoft Visual Studio Solution File, Format Version 12.00
# Visual Studio Version 17
VisualStudioVersion = 17.3.32811.315
MinimumVisualStudioVersion = 10.0.40219.1
Project("{888888A0-9F3D-457C-B088-3A5042F75D52}") = "2_H", "2_H.pyproj", "{DF34C864-0E6B-4C0F-91BE-BB8994DF4565}"
EndProject
Global
	GlobalSection(SolutionConfigurationPlatforms) = preSolution
		Debug|Any CPU = Debug|Any CPU
		Release|Any CPU = Release|Any CPU
	EndGlobalSection
	GlobalSection(ProjectConfigurationPlatforms) = postSolution
		{DF34C864-0E6B-4C0F-91BE-BB8994DF4565}.Debug|Any CPU.ActiveCfg = Debug|Any CPU
		{DF34C864-0E6B-4C0F-91BE-BB8994DF4565}.Release|Any CPU.ActiveCfg = Release|Any CPU
	EndGlobalSection
	GlobalSection(SolutionProperties) = preSolution
		HideSolutionNode = FALSE
	EndGlobalSection
	GlobalSection(ExtensibilityGlobals) = postSolution
		SolutionGuid = {56D6B7D4-3B44-46FA-B9D1-7040650C2440}
	EndGlobalSection
EndGlobal
