
Microsoft Visual Studio Solution File, Format Version 12.00
# Visual Studio Version 17
VisualStudioVersion = 17.3.32811.315
MinimumVisualStudioVersion = 10.0.40219.1
Project("{888888A0-9F3D-457C-B088-3A5042F75D52}") = "BitOperations_A", "BitOperations_A.pyproj", "{25EFC476-A311-4A2C-BF7E-14D8392EF501}"
EndProject
Global
	GlobalSection(SolutionConfigurationPlatforms) = preSolution
		Debug|Any CPU = Debug|Any CPU
		Release|Any CPU = Release|Any CPU
	EndGlobalSection
	GlobalSection(ProjectConfigurationPlatforms) = postSolution
		{25EFC476-A311-4A2C-BF7E-14D8392EF501}.Debug|Any CPU.ActiveCfg = Debug|Any CPU
		{25EFC476-A311-4A2C-BF7E-14D8392EF501}.Release|Any CPU.ActiveCfg = Release|Any CPU
	EndGlobalSection
	GlobalSection(SolutionProperties) = preSolution
		HideSolutionNode = FALSE
	EndGlobalSection
	GlobalSection(ExtensibilityGlobals) = postSolution
		SolutionGuid = {DA8819C2-50F8-4969-A87C-973E588E4C03}
	EndGlobalSection
EndGlobal
