
Microsoft Visual Studio Solution File, Format Version 12.00
# Visual Studio Version 17
VisualStudioVersion = 17.3.32811.315
MinimumVisualStudioVersion = 10.0.40219.1
Project("{888888A0-9F3D-457C-B088-3A5042F75D52}") = "BitOperations_G", "BitOperations_G.pyproj", "{F4938CBD-BB6F-40EA-8B3C-F5D524A60386}"
EndProject
Global
	GlobalSection(SolutionConfigurationPlatforms) = preSolution
		Debug|Any CPU = Debug|Any CPU
		Release|Any CPU = Release|Any CPU
	EndGlobalSection
	GlobalSection(ProjectConfigurationPlatforms) = postSolution
		{F4938CBD-BB6F-40EA-8B3C-F5D524A60386}.Debug|Any CPU.ActiveCfg = Debug|Any CPU
		{F4938CBD-BB6F-40EA-8B3C-F5D524A60386}.Release|Any CPU.ActiveCfg = Release|Any CPU
	EndGlobalSection
	GlobalSection(SolutionProperties) = preSolution
		HideSolutionNode = FALSE
	EndGlobalSection
	GlobalSection(ExtensibilityGlobals) = postSolution
		SolutionGuid = {1576959B-ADF0-4A25-81AB-9CC706C4B5FD}
	EndGlobalSection
EndGlobal
