
Microsoft Visual Studio Solution File, Format Version 12.00
# Visual Studio Version 17
VisualStudioVersion = 17.3.32811.315
MinimumVisualStudioVersion = 10.0.40219.1
Project("{888888A0-9F3D-457C-B088-3A5042F75D52}") = "WarmUp_B", "WarmUp_B.pyproj", "{A96EF4C3-898B-4FC3-9E32-7E79AD43D239}"
EndProject
Global
	GlobalSection(SolutionConfigurationPlatforms) = preSolution
		Debug|Any CPU = Debug|Any CPU
		Release|Any CPU = Release|Any CPU
	EndGlobalSection
	GlobalSection(ProjectConfigurationPlatforms) = postSolution
		{A96EF4C3-898B-4FC3-9E32-7E79AD43D239}.Debug|Any CPU.ActiveCfg = Debug|Any CPU
		{A96EF4C3-898B-4FC3-9E32-7E79AD43D239}.Release|Any CPU.ActiveCfg = Release|Any CPU
	EndGlobalSection
	GlobalSection(SolutionProperties) = preSolution
		HideSolutionNode = FALSE
	EndGlobalSection
	GlobalSection(ExtensibilityGlobals) = postSolution
		SolutionGuid = {01602EFA-28C2-47D9-8533-A6DEC76E3BEA}
	EndGlobalSection
EndGlobal
