
Microsoft Visual Studio Solution File, Format Version 12.00
# Visual Studio Version 17
VisualStudioVersion = 17.3.32811.315
MinimumVisualStudioVersion = 10.0.40219.1
Project("{888888A0-9F3D-457C-B088-3A5042F75D52}") = "FenwickTree_H", "FenwickTree_H.pyproj", "{9A078020-9E28-4E7F-94E5-24F4341BA153}"
EndProject
Global
	GlobalSection(SolutionConfigurationPlatforms) = preSolution
		Debug|Any CPU = Debug|Any CPU
		Release|Any CPU = Release|Any CPU
	EndGlobalSection
	GlobalSection(ProjectConfigurationPlatforms) = postSolution
		{9A078020-9E28-4E7F-94E5-24F4341BA153}.Debug|Any CPU.ActiveCfg = Debug|Any CPU
		{9A078020-9E28-4E7F-94E5-24F4341BA153}.Release|Any CPU.ActiveCfg = Release|Any CPU
	EndGlobalSection
	GlobalSection(SolutionProperties) = preSolution
		HideSolutionNode = FALSE
	EndGlobalSection
	GlobalSection(ExtensibilityGlobals) = postSolution
		SolutionGuid = {E8C05976-3B35-417B-805D-0E3B85A86A1B}
	EndGlobalSection
EndGlobal
