
Microsoft Visual Studio Solution File, Format Version 12.00
# Visual Studio Version 17
VisualStudioVersion = 17.3.32811.315
MinimumVisualStudioVersion = 10.0.40219.1
Project("{888888A0-9F3D-457C-B088-3A5042F75D52}") = "Genetic", "Genetic.pyproj", "{D1E82B77-8C66-42E8-B495-F776FFE9A2C7}"
EndProject
Global
	GlobalSection(SolutionConfigurationPlatforms) = preSolution
		Debug|Any CPU = Debug|Any CPU
		Release|Any CPU = Release|Any CPU
	EndGlobalSection
	GlobalSection(ProjectConfigurationPlatforms) = postSolution
		{D1E82B77-8C66-42E8-B495-F776FFE9A2C7}.Debug|Any CPU.ActiveCfg = Debug|Any CPU
		{D1E82B77-8C66-42E8-B495-F776FFE9A2C7}.Release|Any CPU.ActiveCfg = Release|Any CPU
	EndGlobalSection
	GlobalSection(SolutionProperties) = preSolution
		HideSolutionNode = FALSE
	EndGlobalSection
	GlobalSection(ExtensibilityGlobals) = postSolution
		SolutionGuid = {1A7593BE-5C73-4002-AB6D-D7A0D2CBA79A}
	EndGlobalSection
EndGlobal
